Microsoft Visual Studio Solution File, Format Version 12.00
# Visual Studio Version 17
VisualStudioVersion = 17.5.2.0
MinimumVisualStudioVersion = 10.0.40219.1
Project("{FAE04EC0-301F-11D3-BF4B-00C04F79EFBC}") = "lab5_kpi", "lab5_kpi\lab5_kpi.csproj", "{77F80F2F-D571-92BF-6400-02BD69384AA4}"
EndProject
Global
	GlobalSection(SolutionConfigurationPlatforms) = preSolution
		Debug|Any CPU = Debug|Any CPU
		Release|Any CPU = Release|Any CPU
	EndGlobalSection
	GlobalSection(ProjectConfigurationPlatforms) = postSolution
		{77F80F2F-D571-92BF-6400-02BD69384AA4}.Debug|Any CPU.ActiveCfg = Debug|Any CPU
		{77F80F2F-D571-92BF-6400-02BD69384AA4}.Debug|Any CPU.Build.0 = Debug|Any CPU
		{77F80F2F-D571-92BF-6400-02BD69384AA4}.Release|Any CPU.ActiveCfg = Release|Any CPU
		{77F80F2F-D571-92BF-6400-02BD69384AA4}.Release|Any CPU.Build.0 = Release|Any CPU
	EndGlobalSection
	GlobalSection(SolutionProperties) = preSolution
		HideSolutionNode = FALSE
	EndGlobalSection
	GlobalSection(ExtensibilityGlobals) = postSolution
		SolutionGuid = {46DEC6E1-0175-4D74-ABD3-F13334B3217F}
	EndGlobalSection
EndGlobal
